[root]
name = "socket-server-test"
version = "0.1.0"
dependencies = [
 "bufstream 0.1.3 (registry+https://github.com/rust-lang/crates.io-index)",
]

[[package]]
name = "bufstream"
version = "0.1.3"
source = "registry+https://github.com/rust-lang/crates.io-index"

[metadata]
"checksum bufstream 0.1.3 (registry+https://github.com/rust-lang/crates.io-index)" = "f2f382711e76b9de6c744cc00d0497baba02fb00a787f088c879f01d09468e32"
