# This file is automatically @generated by Cargo.
# It is not intended for manual editing.
[[package]]
name = "bufstream"
version = "0.1.3"
source = "registry+https://github.com/rust-lang/crates.io-index"
checksum = "f2f382711e76b9de6c744cc00d0497baba02fb00a787f088c879f01d09468e32"

[[package]]
name = "socket-server-test"
version = "0.1.0"
dependencies = [
 "bufstream",
]
